
Microsoft Visual Studio Solution File, Format Version 12.00
# Visual Studio Version 17
VisualStudioVersion = 17.3.32804.467
MinimumVisualStudioVersion = 10.0.40219.1
Project("{FAE04EC0-301F-11D3-BF4B-00C04F79EFBC}") = "HearthstoneRefitCreditTalk", "HearthstoneRefitCreditTalk.csproj", "{1F074CF0-E8F1-4611-BF0E-25053AFB5E4E}"
EndProject
Global
	GlobalSection(SolutionConfigurationPlatforms) = preSolution
		Debug|Any CPU = Debug|Any CPU
		Release|Any CPU = Release|Any CPU
	EndGlobalSection
	GlobalSection(ProjectConfigurationPlatforms) = postSolution
		{1F074CF0-E8F1-4611-BF0E-25053AFB5E4E}.Debug|Any CPU.ActiveCfg = Debug|Any CPU
		{1F074CF0-E8F1-4611-BF0E-25053AFB5E4E}.Debug|Any CPU.Build.0 = Debug|Any CPU
		{1F074CF0-E8F1-4611-BF0E-25053AFB5E4E}.Release|Any CPU.ActiveCfg = Release|Any CPU
		{1F074CF0-E8F1-4611-BF0E-25053AFB5E4E}.Release|Any CPU.Build.0 = Release|Any CPU
	EndGlobalSection
	GlobalSection(SolutionProperties) = preSolution
		HideSolutionNode = FALSE
	EndGlobalSection
	GlobalSection(ExtensibilityGlobals) = postSolution
		SolutionGuid = {A81CB13A-8A9E-43E1-9916-08EF18E44988}
	EndGlobalSection
EndGlobal
